{
  "name": "react-day-1",
  "version": "1.0.0",
  "lockfileVersion": 3,
  "requires": true,
  "packages": {
    "": {
      "name": "react-day-1",
      "version": "1.0.0",
      "license": "ISC",
      "dependencies": {
        "country-information-1": "^1.0.1"
      }
    },
    "node_modules/country-information-1": {
      "version": "1.0.1",
      "resolved": "https://registry.npmjs.org/country-information-1/-/country-information-1-1.0.1.tgz",
      "integrity": "sha512-bZfPsxJVI+3AIZ08xbI97+Raoa184DBAomYecTYnACNUf8CYWzJhOXPahnXmmThTCj6Pn69PPFDajT7d26NghQ==",
      "license": "ISC"
    }
  }
}
